// !$*UTF8*$!
{
	archiveVersion = 1;
	classes = {
	};
	objectVersion = 56;
	objects = {

/* Begin PBXBuildFile section */
		3788A8492BF1B8E500272DD8 /* TipsAppApp.swift in Sources */ = {isa = PBXBuildFile; fileRef = 3788A8482BF1B8E500272DD8 /* TipsAppApp.swift */; };
		3788A84B2BF1B8E500272DD8 /* ContentView.swift in Sources */ = {isa = PBXBuildFile; fileRef = 3788A84A2BF1B8E500272DD8 /* ContentView.swift */; };
		3788A84D2BF1B8E700272DD8 /* Assets.xcassets in Resources */ = {isa = PBXBuildFile; fileRef = 3788A84C2BF1B8E700272DD8 /* Assets.xcassets */; };
		3788A8502BF1B8E700272DD8 /* Preview Assets.xcassets in Resources */ = {isa = PBXBuildFile; fileRef = 3788A84F2BF1B8E700272DD8 /* Preview Assets.xcassets */; };
		3788A85A2BF1B8E700272DD8 /* TipsAppTests.swift in Sources */ = {isa = PBXBuildFile; fileRef = 3788A8592BF1B8E700272DD8 /* TipsAppTests.swift */; };
		3788A8642BF1B8E700272DD8 /* TipsAppUITests.swift in Sources */ = {isa = PBXBuildFile; fileRef = 3788A8632BF1B8E700272DD8 /* TipsAppUITests.swift */; };
		3788A8662BF1B8E700272DD8 /* TipsAppUITestsLaunchTests.swift in Sources */ = {isa = PBXBuildFile; fileRef = 3788A8652BF1B8E700272DD8 /* TipsAppUITestsLaunchTests.swift */; };
		3788A8732BF1BA1F00272DD8 /* CalculationTests.swift in Sources */ = {isa = PBXBuildFile; fileRef = 3788A8722BF1BA1F00272DD8 /* CalculationTests.swift */; };
/* End PBXBuildFile section */

/* Begin PBXContainerItemProxy section */
		3788A8562BF1B8E700272DD8 /* PBXContainerItemProxy */ = {
			isa = PBXContainerItemProxy;
			containerPortal = 3788A83D2BF1B8E500272DD8 /* Project object */;
			proxyType = 1;
			remoteGlobalIDString = 3788A8442BF1B8E500272DD8;
			remoteInfo = TipsApp;
		};
		3788A8602BF1B8E700272DD8 /* PBXContainerItemProxy */ = {
			isa = PBXContainerItemProxy;
			containerPortal = 3788A83D2BF1B8E500272DD8 /* Project object */;
			proxyType = 1;
			remoteGlobalIDString = 3788A8442BF1B8E500272DD8;
			remoteInfo = TipsApp;
		};
/* End PBXContainerItemProxy section */

/* Begin PBXFileReference section */
		3788A8452BF1B8E500272DD8 /* TipsApp.app */ = {isa = PBXFileReference; explicitFileType = wrapper.application; includeInIndex = 0; path = TipsApp.app; sourceTree = BUILT_PRODUCTS_DIR; };
		3788A8482BF1B8E500272DD8 /* TipsAppApp.swift */ = {isa = PBXFileReference; lastKnownFileType = sourcecode.swift; path = TipsAppApp.swift; sourceTree = "<group>"; };
		3788A84A2BF1B8E500272DD8 /* ContentView.swift */ = {isa = PBXFileReference; lastKnownFileType = sourcecode.swift; path = ContentView.swift; sourceTree = "<group>"; };
		3788A84C2BF1B8E700272DD8 /* Assets.xcassets */ = {isa = PBXFileReference; lastKnownFileType = folder.assetcatalog; path = Assets.xcassets; sourceTree = "<group>"; };
		3788A84F2BF1B8E700272DD8 /* Preview Assets.xcassets */ = {isa = PBXFileReference; lastKnownFileType = folder.assetcatalog; path = "Preview Assets.xcassets"; sourceTree = "<group>"; };
		3788A8552BF1B8E700272DD8 /* TipsAppTests.xctest */ = {isa = PBXFileReference; explicitFileType = wrapper.cfbundle; includeInIndex = 0; path = TipsAppTests.xctest; sourceTree = BUILT_PRODUCTS_DIR; };
		3788A8592BF1B8E700272DD8 /* TipsAppTests.swift */ = {isa = PBXFileReference; lastKnownFileType = sourcecode.swift; path = TipsAppTests.swift; sourceTree = "<group>"; };
		3788A85F2BF1B8E700272DD8 /* TipsAppUITests.xctest */ = {isa = PBXFileReference; explicitFileType = wrapper.cfbundle; includeInIndex = 0; path = TipsAppUITests.xctest; sourceTree = BUILT_PRODUCTS_DIR; };
		3788A8632BF1B8E700272DD8 /* TipsAppUITests.swift */ = {isa = PBXFileReference; lastKnownFileType = sourcecode.swift; path = TipsAppUITests.swift; sourceTree = "<group>"; };
		3788A8652BF1B8E700272DD8 /* TipsAppUITestsLaunchTests.swift */ = {isa = PBXFileReference; lastKnownFileType = sourcecode.swift; path = TipsAppUITestsLaunchTests.swift; sourceTree = "<group>"; };
		3788A8722BF1BA1F00272DD8 /* CalculationTests.swift */ = {isa = PBXFileReference; lastKnownFileType = sourcecode.swift; path = CalculationTests.swift; sourceTree = "<group>"; };
/* End PBXFileReference section */

/* Begin PBXFrameworksBuildPhase section */
		3788A8422BF1B8E500272DD8 /* Frameworks */ = {
			isa = PBXFrameworksBuildPhase;
			buildActionMask = 2147483647;
			files = (
			);
			runOnlyForDeploymentPostprocessing = 0;
		};
		3788A8522BF1B8E700272DD8 /* Frameworks */ = {
			isa = PBXFrameworksBuildPhase;
			buildActionMask = 2147483647;
			files = (
			);
			runOnlyForDeploymentPostprocessing = 0;
		};
		3788A85C2BF1B8E700272DD8 /* Frameworks */ = {
			isa = PBXFrameworksBuildPhase;
			buildActionMask = 2147483647;
			files = (
			);
			runOnlyForDeploymentPostprocessing = 0;
		};
/* End PBXFrameworksBuildPhase section */

/* Begin PBXGroup section */
		3788A83C2BF1B8E500272DD8 = {
			isa = PBXGroup;
			children = (
				3788A8472BF1B8E500272DD8 /* TipsApp */,
				3788A8582BF1B8E700272DD8 /* TipsAppTests */,
				3788A8622BF1B8E700272DD8 /* TipsAppUITests */,
				3788A8462BF1B8E500272DD8 /* Products */,
			);
			sourceTree = "<group>";
		};
		3788A8462BF1B8E500272DD8 /* Products */ = {
			isa = PBXGroup;
			children = (
				3788A8452BF1B8E500272DD8 /* TipsApp.app */,
				3788A8552BF1B8E700272DD8 /* TipsAppTests.xctest */,
				3788A85F2BF1B8E700272DD8 /* TipsAppUITests.xctest */,
			);
			name = Products;
			sourceTree = "<group>";
		};
		3788A8472BF1B8E500272DD8 /* TipsApp */ = {
			isa = PBXGroup;
			children = (
				3788A8482BF1B8E500272DD8 /* TipsAppApp.swift */,
				3788A84A2BF1B8E500272DD8 /* ContentView.swift */,
				3788A84C2BF1B8E700272DD8 /* Assets.xcassets */,
				3788A84E2BF1B8E700272DD8 /* Preview Content */,
			);
			path = TipsApp;
			sourceTree = "<group>";
		};
		3788A84E2BF1B8E700272DD8 /* Preview Content */ = {
			isa = PBXGroup;
			children = (
				3788A84F2BF1B8E700272DD8 /* Preview Assets.xcassets */,
			);
			path = "Preview Content";
			sourceTree = "<group>";
		};
		3788A8582BF1B8E700272DD8 /* TipsAppTests */ = {
			isa = PBXGroup;
			children = (
				3788A8592BF1B8E700272DD8 /* TipsAppTests.swift */,
				3788A8722BF1BA1F00272DD8 /* CalculationTests.swift */,
			);
			path = TipsAppTests;
			sourceTree = "<group>";
		};
		3788A8622BF1B8E700272DD8 /* TipsAppUITests */ = {
			isa = PBXGroup;
			children = (
				3788A8632BF1B8E700272DD8 /* TipsAppUITests.swift */,
				3788A8652BF1B8E700272DD8 /* TipsAppUITestsLaunchTests.swift */,
			);
			path = TipsAppUITests;
			sourceTree = "<group>";
		};
/* End PBXGroup section */

/* Begin PBXNativeTarget section */
		3788A8442BF1B8E500272DD8 /* TipsApp */ = {
			isa = PBXNativeTarget;
			buildConfigurationList = 3788A8692BF1B8E700272DD8 /* Build configuration list for PBXNativeTarget "TipsApp" */;
			buildPhases = (
				3788A8412BF1B8E500272DD8 /* Sources */,
				3788A8422BF1B8E500272DD8 /* Frameworks */,
				3788A8432BF1B8E500272DD8 /* Resources */,
			);
			buildRules = (
			);
			dependencies = (
			);
			name = TipsApp;
			productName = TipsApp;
			productReference = 3788A8452BF1B8E500272DD8 /* TipsApp.app */;
			productType = "com.apple.product-type.application";
		};
		3788A8542BF1B8E700272DD8 /* TipsAppTests */ = {
			isa = PBXNativeTarget;
			buildConfigurationList = 3788A86C2BF1B8E700272DD8 /* Build configuration list for PBXNativeTarget "TipsAppTests" */;
			buildPhases = (
				3788A8512BF1B8E700272DD8 /* Sources */,
				3788A8522BF1B8E700272DD8 /* Frameworks */,
				3788A8532BF1B8E700272DD8 /* Resources */,
			);
			buildRules = (
			);
			dependencies = (
				3788A8572BF1B8E700272DD8 /* PBXTargetDependency */,
			);
			name = TipsAppTests;
			productName = TipsAppTests;
			productReference = 3788A8552BF1B8E700272DD8 /* TipsAppTests.xctest */;
			productType = "com.apple.product-type.bundle.unit-test";
		};
		3788A85E2BF1B8E700272DD8 /* TipsAppUITests */ = {
			isa = PBXNativeTarget;
			buildConfigurationList = 3788A86F2BF1B8E700272DD8 /* Build configuration list for PBXNativeTarget "TipsAppUITests" */;
			buildPhases = (
				3788A85B2BF1B8E700272DD8 /* Sources */,
				3788A85C2BF1B8E700272DD8 /* Frameworks */,
				3788A85D2BF1B8E700272DD8 /* Resources */,
			);
			buildRules = (
			);
			dependencies = (
				3788A8612BF1B8E700272DD8 /* PBXTargetDependency */,
			);
			name = TipsAppUITests;
			productName = TipsAppUITests;
			productReference = 3788A85F2BF1B8E700272DD8 /* TipsAppUITests.xctest */;
			productType = "com.apple.product-type.bundle.ui-testing";
		};
/* End PBXNativeTarget section */

/* Begin PBXProject section */
		3788A83D2BF1B8E500272DD8 /* Project object */ = {
			isa = PBXProject;
			attributes = {
				BuildIndependentTargetsInParallel = 1;
				LastSwiftUpdateCheck = 1420;
				LastUpgradeCheck = 1420;
				TargetAttributes = {
					3788A8442BF1B8E500272DD8 = {
						CreatedOnToolsVersion = 14.2;
					};
					3788A8542BF1B8E700272DD8 = {
						CreatedOnToolsVersion = 14.2;
						TestTargetID = 3788A8442BF1B8E500272DD8;
					};
					3788A85E2BF1B8E700272DD8 = {
						CreatedOnToolsVersion = 14.2;
						TestTargetID = 3788A8442BF1B8E500272DD8;
					};
				};
			};
			buildConfigurationList = 3788A8402BF1B8E500272DD8 /* Build configuration list for PBXProject "TipsApp" */;
			compatibilityVersion = "Xcode 14.0";
			developmentRegion = en;
			hasScannedForEncodings = 0;
			knownRegions = (
				en,
				Base,
			);
			mainGroup = 3788A83C2BF1B8E500272DD8;
			productRefGroup = 3788A8462BF1B8E500272DD8 /* Products */;
			projectDirPath = "";
			projectRoot = "";
			targets = (
				3788A8442BF1B8E500272DD8 /* TipsApp */,
				3788A8542BF1B8E700272DD8 /* TipsAppTests */,
				3788A85E2BF1B8E700272DD8 /* TipsAppUITests */,
			);
		};
/* End PBXProject section */

/* Begin PBXResourcesBuildPhase section */
		3788A8432BF1B8E500272DD8 /* Resources */ = {
			isa = PBXResourcesBuildPhase;
			buildActionMask = 2147483647;
			files = (
				3788A8502BF1B8E700272DD8 /* Preview Assets.xcassets in Resources */,
				3788A84D2BF1B8E700272DD8 /* Assets.xcassets in Resources */,
			);
			runOnlyForDeploymentPostprocessing = 0;
		};
		3788A8532BF1B8E700272DD8 /* Resources */ = {
			isa = PBXResourcesBuildPhase;
			buildActionMask = 2147483647;
			files = (
			);
			runOnlyForDeploymentPostprocessing = 0;
		};
		3788A85D2BF1B8E700272DD8 /* Resources */ = {
			isa = PBXResourcesBuildPhase;
			buildActionMask = 2147483647;
			files = (
			);
			runOnlyForDeploymentPostprocessing = 0;
		};
/* End PBXResourcesBuildPhase section */

/* Begin PBXSourcesBuildPhase section */
		3788A8412BF1B8E500272DD8 /* Sources */ = {
			isa = PBXSourcesBuildPhase;
			buildActionMask = 2147483647;
			files = (
				3788A84B2BF1B8E500272DD8 /* ContentView.swift in Sources */,
				3788A8492BF1B8E500272DD8 /* TipsAppApp.swift in Sources */,
			);
			runOnlyForDeploymentPostprocessing = 0;
		};
		3788A8512BF1B8E700272DD8 /* Sources */ = {
			isa = PBXSourcesBuildPhase;
			buildActionMask = 2147483647;
			files = (
				3788A85A2BF1B8E700272DD8 /* TipsAppTests.swift in Sources */,
				3788A8732BF1BA1F00272DD8 /* CalculationTests.swift in Sources */,
			);
			runOnlyForDeploymentPostprocessing = 0;
		};
		3788A85B2BF1B8E700272DD8 /* Sources */ = {
			isa = PBXSourcesBuildPhase;
			buildActionMask = 2147483647;
			files = (
				3788A8662BF1B8E700272DD8 /* TipsAppUITestsLaunchTests.swift in Sources */,
				3788A8642BF1B8E700272DD8 /* TipsAppUITests.swift in Sources */,
			);
			runOnlyForDeploymentPostprocessing = 0;
		};
/* End PBXSourcesBuildPhase section */

/* Begin PBXTargetDependency section */
		3788A8572BF1B8E700272DD8 /* PBXTargetDependency */ = {
			isa = PBXTargetDependency;
			target = 3788A8442BF1B8E500272DD8 /* TipsApp */;
			targetProxy = 3788A8562BF1B8E700272DD8 /* PBXContainerItemProxy */;
		};
		3788A8612BF1B8E700272DD8 /* PBXTargetDependency */ = {
			isa = PBXTargetDependency;
			target = 3788A8442BF1B8E500272DD8 /* TipsApp */;
			targetProxy = 3788A8602BF1B8E700272DD8 /* PBXContainerItemProxy */;
		};
/* End PBXTargetDependency section */

/* Begin XCBuildConfiguration section */
		3788A8672BF1B8E700272DD8 /* Debug */ = {
			isa = XCBuildConfiguration;
			buildSettings = {
				ALWAYS_SEARCH_USER_PATHS = NO;
				CLANG_ANALYZER_NONNULL = YES;
				CLANG_ANALYZER_NUMBER_OBJECT_CONVERSION = YES_AGGRESSIVE;
				CLANG_CXX_LANGUAGE_STANDARD = "gnu++20";
				CLANG_ENABLE_MODULES = YES;
				CLANG_ENABLE_OBJC_ARC = YES;
				CLANG_ENABLE_OBJC_WEAK = YES;
				CLANG_WARN_BLOCK_CAPTURE_AUTORELEASING = YES;
				CLANG_WARN_BOOL_CONVERSION = YES;
				CLANG_WARN_COMMA = YES;
				CLANG_WARN_CONSTANT_CONVERSION = YES;
				CLANG_WARN_DEPRECATED_OBJC_IMPLEMENTATIONS = YES;
				CLANG_WARN_DIRECT_OBJC_ISA_USAGE = YES_ERROR;
				CLANG_WARN_DOCUMENTATION_COMMENTS = YES;
				CLANG_WARN_EMPTY_BODY = YES;
				CLANG_WARN_ENUM_CONVERSION = YES;
				CLANG_WARN_INFINITE_RECURSION = YES;
				CLANG_WARN_INT_CONVERSION = YES;
				CLANG_WARN_NON_LITERAL_NULL_CONVERSION = YES;
				CLANG_WARN_OBJC_IMPLICIT_RETAIN_SELF = YES;
				CLANG_WARN_OBJC_LITERAL_CONVERSION = YES;
				CLANG_WARN_OBJC_ROOT_CLASS = YES_ERROR;
				CLANG_WARN_QUOTED_INCLUDE_IN_FRAMEWORK_HEADER = YES;
				CLANG_WARN_RANGE_LOOP_ANALYSIS = YES;
				CLANG_WARN_STRICT_PROTOTYPES = YES;
				CLANG_WARN_SUSPICIOUS_MOVE = YES;
				CLANG_WARN_UNGUARDED_AVAILABILITY = YES_AGGRESSIVE;
				CLANG_WARN_UNREACHABLE_CODE = YES;
				CLANG_WARN__DUPLICATE_METHOD_MATCH = YES;
				COPY_PHASE_STRIP = NO;
				DEBUG_INFORMATION_FORMAT = dwarf;
				ENABLE_STRICT_OBJC_MSGSEND = YES;
				ENABLE_TESTABILITY = YES;
				GCC_C_LANGUAGE_STANDARD = gnu11;
				GCC_DYNAMIC_NO_PIC = NO;
				GCC_NO_COMMON_BLOCKS = YES;
				GCC_OPTIMIZATION_LEVEL = 0;
				GCC_PREPROCESSOR_DEFINITIONS = (
					"DEBUG=1",
					"$(inherited)",
				);
				GCC_WARN_64_TO_32_BIT_CONVERSION = YES;
				GCC_WARN_ABOUT_RETURN_TYPE = YES_ERROR;
				GCC_WARN_UNDECLARED_SELECTOR = YES;
				GCC_WARN_UNINITIALIZED_AUTOS = YES_AGGRESSIVE;
				GCC_WARN_UNUSED_FUNCTION = YES;
				GCC_WARN_UNUSED_VARIABLE = YES;
				IPHONEOS_DEPLOYMENT_TARGET = 16.2;
				MTL_ENABLE_DEBUG_INFO = INCLUDE_SOURCE;
				MTL_FAST_MATH = YES;
				ONLY_ACTIVE_ARCH = YES;
				SDKROOT = iphoneos;
				SWIFT_ACTIVE_COMPILATION_CONDITIONS = DEBUG;
				SWIFT_OPTIMIZATION_LEVEL = "-Onone";
			};
			name = Debug;
		};
		3788A8682BF1B8E700272DD8 /* Release */ = {
			isa = XCBuildConfiguration;
			buildSettings = {
				ALWAYS_SEARCH_USER_PATHS = NO;
				CLANG_ANALYZER_NONNULL = YES;
				CLANG_ANALYZER_NUMBER_OBJECT_CONVERSION = YES_AGGRESSIVE;
				CLANG_CXX_LANGUAGE_STANDARD = "gnu++20";
				CLANG_ENABLE_MODULES = YES;
				CLANG_ENABLE_OBJC_ARC = YES;
				CLANG_ENABLE_OBJC_WEAK = YES;
				CLANG_WARN_BLOCK_CAPTURE_AUTORELEASING = YES;
				CLANG_WARN_BOOL_CONVERSION = YES;
				CLANG_WARN_COMMA = YES;
				CLANG_WARN_CONSTANT_CONVERSION = YES;
				CLANG_WARN_DEPRECATED_OBJC_IMPLEMENTATIONS = YES;
				CLANG_WARN_DIRECT_OBJC_ISA_USAGE = YES_ERROR;
				CLANG_WARN_DOCUMENTATION_COMMENTS = YES;
				CLANG_WARN_EMPTY_BODY = YES;
				CLANG_WARN_ENUM_CONVERSION = YES;
				CLANG_WARN_INFINITE_RECURSION = YES;
				CLANG_WARN_INT_CONVERSION = YES;
				CLANG_WARN_NON_LITERAL_NULL_CONVERSION = YES;
				CLANG_WARN_OBJC_IMPLICIT_RETAIN_SELF = YES;
				CLANG_WARN_OBJC_LITERAL_CONVERSION = YES;
				CLANG_WARN_OBJC_ROOT_CLASS = YES_ERROR;
				CLANG_WARN_QUOTED_INCLUDE_IN_FRAMEWORK_HEADER = YES;
				CLANG_WARN_RANGE_LOOP_ANALYSIS = YES;
				CLANG_WARN_STRICT_PROTOTYPES = YES;
				CLANG_WARN_SUSPICIOUS_MOVE = YES;
				CLANG_WARN_UNGUARDED_AVAILABILITY = YES_AGGRESSIVE;
				CLANG_WARN_UNREACHABLE_CODE = YES;
				CLANG_WARN__DUPLICATE_METHOD_MATCH = YES;
				COPY_PHASE_STRIP = NO;
				DEBUG_INFORMATION_FORMAT = "dwarf-with-dsym";
				ENABLE_NS_ASSERTIONS = NO;
				ENABLE_STRICT_OBJC_MSGSEND = YES;
				GCC_C_LANGUAGE_STANDARD = gnu11;
				GCC_NO_COMMON_BLOCKS = YES;
				GCC_WARN_64_TO_32_BIT_CONVERSION = YES;
				GCC_WARN_ABOUT_RETURN_TYPE = YES_ERROR;
				GCC_WARN_UNDECLARED_SELECTOR = YES;
				GCC_WARN_UNINITIALIZED_AUTOS = YES_AGGRESSIVE;
				GCC_WARN_UNUSED_FUNCTION = YES;
				GCC_WARN_UNUSED_VARIABLE = YES;
				IPHONEOS_DEPLOYMENT_TARGET = 16.2;
				MTL_ENABLE_DEBUG_INFO = NO;
				MTL_FAST_MATH = YES;
				SDKROOT = iphoneos;
				SWIFT_COMPILATION_MODE = wholemodule;
				SWIFT_OPTIMIZATION_LEVEL = "-O";
				VALIDATE_PRODUCT = YES;
			};
			name = Release;
		};
		3788A86A2BF1B8E700272DD8 /* Debug */ = {
			isa = XCBuildConfiguration;
			buildSettings = {
				ASSETCATALOG_COMPILER_APPICON_NAME = AppIcon;
				ASSETCATALOG_COMPILER_GLOBAL_ACCENT_COLOR_NAME = AccentColor;
				CODE_SIGN_STYLE = Automatic;
				CURRENT_PROJECT_VERSION = 1;
				DEVELOPMENT_ASSET_PATHS = "\"TipsApp/Preview Content\"";
				ENABLE_PREVIEWS = YES;
				GENERATE_INFOPLIST_FILE = YES;
				INFOPLIST_KEY_UIApplicationSceneManifest_Generation = YES;
				INFOPLIST_KEY_UIApplicationSupportsIndirectInputEvents = YES;
				INFOPLIST_KEY_UILaunchScreen_Generation = YES;
				INFOPLIST_KEY_UISupportedInterfaceOrientations_iPad = "UIInterfaceOrientationPortrait UIInterfaceOrientationPortraitUpsideDown UIInterfaceOrientationLandscapeLeft UIInterfaceOrientationLandscapeRight";
				INFOPLIST_KEY_UISupportedInterfaceOrientations_iPhone = "UIInterfaceOrientationPortrait UIInterfaceOrientationLandscapeLeft UIInterfaceOrientationLandscapeRight";
				LD_RUNPATH_SEARCH_PATHS = (
					"$(inherited)",
					"@executable_path/Frameworks",
				);
				MARKETING_VERSION = 1.0;
				PRODUCT_BUNDLE_IDENTIFIER = lharo.TipsApp;
				PRODUCT_NAME = "$(TARGET_NAME)";
				SWIFT_EMIT_LOC_STRINGS = YES;
				SWIFT_VERSION = 5.0;
				TARGETED_DEVICE_FAMILY = "1,2";
			};
			name = Debug;
		};
		3788A86B2BF1B8E700272DD8 /* Release */ = {
			isa = XCBuildConfiguration;
			buildSettings = {
				ASSETCATALOG_COMPILER_APPICON_NAME = AppIcon;
				ASSETCATALOG_COMPILER_GLOBAL_ACCENT_COLOR_NAME = AccentColor;
				CODE_SIGN_STYLE = Automatic;
				CURRENT_PROJECT_VERSION = 1;
				DEVELOPMENT_ASSET_PATHS = "\"TipsApp/Preview Content\"";
				ENABLE_PREVIEWS = YES;
				GENERATE_INFOPLIST_FILE = YES;
				INFOPLIST_KEY_UIApplicationSceneManifest_Generation = YES;
				INFOPLIST_KEY_UIApplicationSupportsIndirectInputEvents = YES;
				INFOPLIST_KEY_UILaunchScreen_Generation = YES;
				INFOPLIST_KEY_UISupportedInterfaceOrientations_iPad = "UIInterfaceOrientationPortrait UIInterfaceOrientationPortraitUpsideDown UIInterfaceOrientationLandscapeLeft UIInterfaceOrientationLandscapeRight";
				INFOPLIST_KEY_UISupportedInterfaceOrientations_iPhone = "UIInterfaceOrientationPortrait UIInterfaceOrientationLandscapeLeft UIInterfaceOrientationLandscapeRight";
				LD_RUNPATH_SEARCH_PATHS = (
					"$(inherited)",
					"@executable_path/Frameworks",
				);
				MARKETING_VERSION = 1.0;
				PRODUCT_BUNDLE_IDENTIFIER = lharo.TipsApp;
				PRODUCT_NAME = "$(TARGET_NAME)";
				SWIFT_EMIT_LOC_STRINGS = YES;
				SWIFT_VERSION = 5.0;
				TARGETED_DEVICE_FAMILY = "1,2";
			};
			name = Release;
		};
		3788A86D2BF1B8E700272DD8 /* Debug */ = {
			isa = XCBuildConfiguration;
			buildSettings = {
				ALWAYS_EMBED_SWIFT_STANDARD_LIBRARIES = YES;
				BUNDLE_LOADER = "$(TEST_HOST)";
				CODE_SIGN_STYLE = Automatic;
				CURRENT_PROJECT_VERSION = 1;
				GENERATE_INFOPLIST_FILE = YES;
				IPHONEOS_DEPLOYMENT_TARGET = 16.2;
				MARKETING_VERSION = 1.0;
				PRODUCT_BUNDLE_IDENTIFIER = lharo.TipsAppTests;
				PRODUCT_NAME = "$(TARGET_NAME)";
				SWIFT_EMIT_LOC_STRINGS = NO;
				SWIFT_VERSION = 5.0;
				TARGETED_DEVICE_FAMILY = "1,2";
				TEST_HOST = "$(BUILT_PRODUCTS_DIR)/TipsApp.app/$(BUNDLE_EXECUTABLE_FOLDER_PATH)/TipsApp";
			};
			name = Debug;
		};
		3788A86E2BF1B8E700272DD8 /* Release */ = {
			isa = XCBuildConfiguration;
			buildSettings = {
				ALWAYS_EMBED_SWIFT_STANDARD_LIBRARIES = YES;
				BUNDLE_LOADER = "$(TEST_HOST)";
				CODE_SIGN_STYLE = Automatic;
				CURRENT_PROJECT_VERSION = 1;
				GENERATE_INFOPLIST_FILE = YES;
				IPHONEOS_DEPLOYMENT_TARGET = 16.2;
				MARKETING_VERSION = 1.0;
				PRODUCT_BUNDLE_IDENTIFIER = lharo.TipsAppTests;
				PRODUCT_NAME = "$(TARGET_NAME)";
				SWIFT_EMIT_LOC_STRINGS = NO;
				SWIFT_VERSION = 5.0;
				TARGETED_DEVICE_FAMILY = "1,2";
				TEST_HOST = "$(BUILT_PRODUCTS_DIR)/TipsApp.app/$(BUNDLE_EXECUTABLE_FOLDER_PATH)/TipsApp";
			};
			name = Release;
		};
		3788A8702BF1B8E700272DD8 /* Debug */ = {
			isa = XCBuildConfiguration;
			buildSettings = {
				ALWAYS_EMBED_SWIFT_STANDARD_LIBRARIES = YES;
				CODE_SIGN_STYLE = Automatic;
				CURRENT_PROJECT_VERSION = 1;
				GENERATE_INFOPLIST_FILE = YES;
				MARKETING_VERSION = 1.0;
				PRODUCT_BUNDLE_IDENTIFIER = lharo.TipsAppUITests;
				PRODUCT_NAME = "$(TARGET_NAME)";
				SWIFT_EMIT_LOC_STRINGS = NO;
				SWIFT_VERSION = 5.0;
				TARGETED_DEVICE_FAMILY = "1,2";
				TEST_TARGET_NAME = TipsApp;
			};
			name = Debug;
		};
		3788A8712BF1B8E700272DD8 /* Release */ = {
			isa = XCBuildConfiguration;
			buildSettings = {
				ALWAYS_EMBED_SWIFT_STANDARD_LIBRARIES = YES;
				CODE_SIGN_STYLE = Automatic;
				CURRENT_PROJECT_VERSION = 1;
				GENERATE_INFOPLIST_FILE = YES;
				MARKETING_VERSION = 1.0;
				PRODUCT_BUNDLE_IDENTIFIER = lharo.TipsAppUITests;
				PRODUCT_NAME = "$(TARGET_NAME)";
				SWIFT_EMIT_LOC_STRINGS = NO;
				SWIFT_VERSION = 5.0;
				TARGETED_DEVICE_FAMILY = "1,2";
				TEST_TARGET_NAME = TipsApp;
			};
			name = Release;
		};
/* End XCBuildConfiguration section */

/* Begin XCConfigurationList section */
		3788A8402BF1B8E500272DD8 /* Build configuration list for PBXProject "TipsApp" */ = {
			isa = XCConfigurationList;
			buildConfigurations = (
				3788A8672BF1B8E700272DD8 /* Debug */,
				3788A8682BF1B8E700272DD8 /* Release */,
			);
			defaultConfigurationIsVisible = 0;
			defaultConfigurationName = Release;
		};
		3788A8692BF1B8E700272DD8 /* Build configuration list for PBXNativeTarget "TipsApp" */ = {
			isa = XCConfigurationList;
			buildConfigurations = (
				3788A86A2BF1B8E700272DD8 /* Debug */,
				3788A86B2BF1B8E700272DD8 /* Release */,
			);
			defaultConfigurationIsVisible = 0;
			defaultConfigurationName = Release;
		};
		3788A86C2BF1B8E700272DD8 /* Build configuration list for PBXNativeTarget "TipsAppTests" */ = {
			isa = XCConfigurationList;
			buildConfigurations = (
				3788A86D2BF1B8E700272DD8 /* Debug */,
				3788A86E2BF1B8E700272DD8 /* Release */,
			);
			defaultConfigurationIsVisible = 0;
			defaultConfigurationName = Release;
		};
		3788A86F2BF1B8E700272DD8 /* Build configuration list for PBXNativeTarget "TipsAppUITests" */ = {
			isa = XCConfigurationList;
			buildConfigurations = (
				3788A8702BF1B8E700272DD8 /* Debug */,
				3788A8712BF1B8E700272DD8 /* Release */,
			);
			defaultConfigurationIsVisible = 0;
			defaultConfigurationName = Release;
		};
/* End XCConfigurationList section */
	};
	rootObject = 3788A83D2BF1B8E500272DD8 /* Project object */;
}
